// !$*UTF8*$!
{
	archiveVersion = 1;
	classes = {
	};
	objectVersion = 77;
	objects = {

/* Begin PBXBuildFile section */
		BF79F8802F0400000000001 /* Supabase in Frameworks */ = {isa = PBXBuildFile; productRef = BF79F87F2F0400000000001 /* Supabase */; };
		BFW1DG3T2F0500000000004 /* Bible v1 Widgets.appex in Embed Foundation Extensions */ = {isa = PBXBuildFile; fileRef = BFW1DG3T2F0500000000005 /* Bible v1 Widgets.appex */; settings = {ATTRIBUTES = (RemoveHeadersOnCopy, ); }; };
/* End PBXBuildFile section */

/* Begin PBXContainerItemProxy section */
		BFB6CFFE2EF0B7A100A59C12 /* PBXContainerItemProxy */ = {
			isa = PBXContainerItemProxy;
			containerPortal = BFB6CFE82EF0B7A000A59C12 /* Project object */;
			proxyType = 1;
			remoteGlobalIDString = BFB6CFEF2EF0B7A000A59C12;
			remoteInfo = "Bible v1";
		};
		BFB6D0082EF0B7A100A59C12 /* PBXContainerItemProxy */ = {
			isa = PBXContainerItemProxy;
			containerPortal = BFB6CFE82EF0B7A000A59C12 /* Project object */;
			proxyType = 1;
			remoteGlobalIDString = BFB6CFEF2EF0B7A000A59C12;
			remoteInfo = "Bible v1";
		};
		BFW1DG3T2F0500000000001 /* PBXContainerItemProxy */ = {
			isa = PBXContainerItemProxy;
			containerPortal = BFB6CFE82EF0B7A000A59C12 /* Project object */;
			proxyType = 1;
			remoteGlobalIDString = BFW1DG3T2F0500000000002;
			remoteInfo = "Bible v1 Widgets";
		};
/* End PBXContainerItemProxy section */

/* Begin PBXCopyFilesBuildPhase section */
		BFW1DG3T2F0500000000003 /* Embed Foundation Extensions */ = {
			isa = PBXCopyFilesBuildPhase;
			buildActionMask = 2147483647;
			dstPath = "";
			dstSubfolderSpec = 13;
			files = (
				BFW1DG3T2F0500000000004 /* Bible v1 Widgets.appex in Embed Foundation Extensions */,
			);
			name = "Embed Foundation Extensions";
			runOnlyForDeploymentPostprocessing = 0;
		};
/* End PBXCopyFilesBuildPhase section */

/* Begin PBXFileReference section */
		BFB6CFF02EF0B7A000A59C12 /* Bible v1.app */ = {isa = PBXFileReference; explicitFileType = wrapper.application; includeInIndex = 0; path = "Bible v1.app"; sourceTree = BUILT_PRODUCTS_DIR; };
		BFB6CFFD2EF0B7A100A59C12 /* Bible v1Tests.xctest */ = {isa = PBXFileReference; explicitFileType = wrapper.cfbundle; includeInIndex = 0; path = "Bible v1Tests.xctest"; sourceTree = BUILT_PRODUCTS_DIR; };
		BFB6D0072EF0B7A100A59C12 /* Bible v1UITests.xctest */ = {isa = PBXFileReference; explicitFileType = wrapper.cfbundle; includeInIndex = 0; path = "Bible v1UITests.xctest"; sourceTree = BUILT_PRODUCTS_DIR; };
		BFW1DG3T2F0500000000005 /* Bible v1 Widgets.appex */ = {isa = PBXFileReference; explicitFileType = "wrapper.app-extension"; includeInIndex = 0; path = "Bible v1 Widgets.appex"; sourceTree = BUILT_PRODUCTS_DIR; };
/* End PBXFileReference section */

/* Begin PBXFileSystemSynchronizedRootGroup section */
		BFB6CFF22EF0B7A000A59C12 /* Bible v1 */ = {
			isa = PBXFileSystemSynchronizedRootGroup;
			path = "Bible v1";
			sourceTree = "<group>";
		};
		BFB6D0002EF0B7A100A59C12 /* Bible v1Tests */ = {
			isa = PBXFileSystemSynchronizedRootGroup;
			path = "Bible v1Tests";
			sourceTree = "<group>";
		};
		BFB6D00A2EF0B7A100A59C12 /* Bible v1UITests */ = {
			isa = PBXFileSystemSynchronizedRootGroup;
			path = "Bible v1UITests";
			sourceTree = "<group>";
		};
		BFW1DG3T2F0500000000006 /* Bible v1 Widgets */ = {
			isa = PBXFileSystemSynchronizedRootGroup;
			path = "Bible v1 Widgets";
			sourceTree = "<group>";
		};
/* End PBXFileSystemSynchronizedRootGroup section */

/* Begin PBXFrameworksBuildPhase section */
		BFB6CFED2EF0B7A000A59C12 /* Frameworks */ = {
			isa = PBXFrameworksBuildPhase;
			buildActionMask = 2147483647;
			files = (
				BF79F8802F0400000000001 /* Supabase in Frameworks */,
			);
			runOnlyForDeploymentPostprocessing = 0;
		};
		BFB6CFFA2EF0B7A100A59C12 /* Frameworks */ = {
			isa = PBXFrameworksBuildPhase;
			buildActionMask = 2147483647;
			files = (
			);
			runOnlyForDeploymentPostprocessing = 0;
		};
		BFB6D0042EF0B7A100A59C12 /* Frameworks */ = {
			isa = PBXFrameworksBuildPhase;
			buildActionMask = 2147483647;
			files = (
			);
			runOnlyForDeploymentPostprocessing = 0;
		};
		BFW1DG3T2F0500000000007 /* Frameworks */ = {
			isa = PBXFrameworksBuildPhase;
			buildActionMask = 2147483647;
			files = (
			);
			runOnlyForDeploymentPostprocessing = 0;
		};
/* End PBXFrameworksBuildPhase section */

/* Begin PBXGroup section */
		BFB6CFE72EF0B7A000A59C12 = {
			isa = PBXGroup;
			children = (
				BFB6CFF22EF0B7A000A59C12 /* Bible v1 */,
				BFW1DG3T2F0500000000006 /* Bible v1 Widgets */,
				BFB6D0002EF0B7A100A59C12 /* Bible v1Tests */,
				BFB6D00A2EF0B7A100A59C12 /* Bible v1UITests */,
				BFB6CFF12EF0B7A000A59C12 /* Products */,
			);
			sourceTree = "<group>";
		};
		BFB6CFF12EF0B7A000A59C12 /* Products */ = {
			isa = PBXGroup;
			children = (
				BFB6CFF02EF0B7A000A59C12 /* Bible v1.app */,
				BFB6CFFD2EF0B7A100A59C12 /* Bible v1Tests.xctest */,
				BFB6D0072EF0B7A100A59C12 /* Bible v1UITests.xctest */,
				BFW1DG3T2F0500000000005 /* Bible v1 Widgets.appex */,
			);
			name = Products;
			sourceTree = "<group>";
		};
/* End PBXGroup section */

/* Begin PBXNativeTarget section */
		BFB6CFEF2EF0B7A000A59C12 /* Bible v1 */ = {
			isa = PBXNativeTarget;
			buildConfigurationList = BFB6D0112EF0B7A100A59C12 /* Build configuration list for PBXNativeTarget "Bible v1" */;
			buildPhases = (
				BFB6CFEC2EF0B7A000A59C12 /* Sources */,
				BFB6CFED2EF0B7A000A59C12 /* Frameworks */,
				BFB6CFEE2EF0B7A000A59C12 /* Resources */,
				BFW1DG3T2F0500000000003 /* Embed Foundation Extensions */,
			);
			buildRules = (
			);
			dependencies = (
				BFW1DG3T2F0500000000008 /* PBXTargetDependency */,
			);
			fileSystemSynchronizedGroups = (
				BFB6CFF22EF0B7A000A59C12 /* Bible v1 */,
			);
			name = "Bible v1";
			packageProductDependencies = (
				BF79F87F2F0400000000001 /* Supabase */,
			);
			productName = "Bible v1";
			productReference = BFB6CFF02EF0B7A000A59C12 /* Bible v1.app */;
			productType = "com.apple.product-type.application";
		};
		BFB6CFFC2EF0B7A100A59C12 /* Bible v1Tests */ = {
			isa = PBXNativeTarget;
			buildConfigurationList = BFB6D0142EF0B7A100A59C12 /* Build configuration list for PBXNativeTarget "Bible v1Tests" */;
			buildPhases = (
				BFB6CFF92EF0B7A100A59C12 /* Sources */,
				BFB6CFFA2EF0B7A100A59C12 /* Frameworks */,
				BFB6CFFB2EF0B7A100A59C12 /* Resources */,
			);
			buildRules = (
			);
			dependencies = (
				BFB6CFFF2EF0B7A100A59C12 /* PBXTargetDependency */,
			);
			fileSystemSynchronizedGroups = (
				BFB6D0002EF0B7A100A59C12 /* Bible v1Tests */,
			);
			name = "Bible v1Tests";
			packageProductDependencies = (
			);
			productName = "Bible v1Tests";
			productReference = BFB6CFFD2EF0B7A100A59C12 /* Bible v1Tests.xctest */;
			productType = "com.apple.product-type.bundle.unit-test";
		};
		BFB6D0062EF0B7A100A59C12 /* Bible v1UITests */ = {
			isa = PBXNativeTarget;
			buildConfigurationList = BFB6D0172EF0B7A100A59C12 /* Build configuration list for PBXNativeTarget "Bible v1UITests" */;
			buildPhases = (
				BFB6D0032EF0B7A100A59C12 /* Sources */,
				BFB6D0042EF0B7A100A59C12 /* Frameworks */,
				BFB6D0052EF0B7A100A59C12 /* Resources */,
			);
			buildRules = (
			);
			dependencies = (
				BFB6D0092EF0B7A100A59C12 /* PBXTargetDependency */,
			);
			fileSystemSynchronizedGroups = (
				BFB6D00A2EF0B7A100A59C12 /* Bible v1UITests */,
			);
			name = "Bible v1UITests";
			packageProductDependencies = (
			);
			productName = "Bible v1UITests";
			productReference = BFB6D0072EF0B7A100A59C12 /* Bible v1UITests.xctest */;
			productType = "com.apple.product-type.bundle.ui-testing";
		};
		BFW1DG3T2F0500000000002 /* Bible v1 Widgets */ = {
			isa = PBXNativeTarget;
			buildConfigurationList = BFW1DG3T2F0500000000009 /* Build configuration list for PBXNativeTarget "Bible v1 Widgets" */;
			buildPhases = (
				BFW1DG3T2F050000000000A /* Sources */,
				BFW1DG3T2F0500000000007 /* Frameworks */,
				BFW1DG3T2F050000000000B /* Resources */,
			);
			buildRules = (
			);
			dependencies = (
			);
			fileSystemSynchronizedGroups = (
				BFW1DG3T2F0500000000006 /* Bible v1 Widgets */,
			);
			name = "Bible v1 Widgets";
			packageProductDependencies = (
			);
			productName = "Bible v1 Widgets";
			productReference = BFW1DG3T2F0500000000005 /* Bible v1 Widgets.appex */;
			productType = "com.apple.product-type.app-extension";
		};
/* End PBXNativeTarget section */

/* Begin PBXProject section */
		BFB6CFE82EF0B7A000A59C12 /* Project object */ = {
			isa = PBXProject;
			attributes = {
				BuildIndependentTargetsInParallel = 1;
				LastSwiftUpdateCheck = 2620;
				LastUpgradeCheck = 2620;
				TargetAttributes = {
					BFB6CFEF2EF0B7A000A59C12 = {
						CreatedOnToolsVersion = 26.2;
					};
					BFB6CFFC2EF0B7A100A59C12 = {
						CreatedOnToolsVersion = 26.2;
						TestTargetID = BFB6CFEF2EF0B7A000A59C12;
					};
					BFB6D0062EF0B7A100A59C12 = {
						CreatedOnToolsVersion = 26.2;
						TestTargetID = BFB6CFEF2EF0B7A000A59C12;
					};
					BFW1DG3T2F0500000000002 = {
						CreatedOnToolsVersion = 26.2;
					};
				};
			};
			buildConfigurationList = BFB6CFEB2EF0B7A000A59C12 /* Build configuration list for PBXProject "Bible v1" */;
			developmentRegion = en;
			hasScannedForEncodings = 0;
			knownRegions = (
				en,
				Base,
			);
			mainGroup = BFB6CFE72EF0B7A000A59C12;
			minimizedProjectReferenceProxies = 1;
			packageReferences = (
				BF79F87E2F0400000000001 /* XCRemoteSwiftPackageReference "supabase-swift" */,
			);
			preferredProjectObjectVersion = 77;
			productRefGroup = BFB6CFF12EF0B7A000A59C12 /* Products */;
			projectDirPath = "";
			projectRoot = "";
			targets = (
				BFB6CFEF2EF0B7A000A59C12 /* Bible v1 */,
				BFW1DG3T2F0500000000002 /* Bible v1 Widgets */,
				BFB6CFFC2EF0B7A100A59C12 /* Bible v1Tests */,
				BFB6D0062EF0B7A100A59C12 /* Bible v1UITests */,
			);
		};
/* End PBXProject section */

/* Begin PBXResourcesBuildPhase section */
		BFB6CFEE2EF0B7A000A59C12 /* Resources */ = {
			isa = PBXResourcesBuildPhase;
			buildActionMask = 2147483647;
			files = (
			);
			runOnlyForDeploymentPostprocessing = 0;
		};
		BFB6CFFB2EF0B7A100A59C12 /* Resources */ = {
			isa = PBXResourcesBuildPhase;
			buildActionMask = 2147483647;
			files = (
			);
			runOnlyForDeploymentPostprocessing = 0;
		};
		BFB6D0052EF0B7A100A59C12 /* Resources */ = {
			isa = PBXResourcesBuildPhase;
			buildActionMask = 2147483647;
			files = (
			);
			runOnlyForDeploymentPostprocessing = 0;
		};
		BFW1DG3T2F050000000000B /* Resources */ = {
			isa = PBXResourcesBuildPhase;
			buildActionMask = 2147483647;
			files = (
			);
			runOnlyForDeploymentPostprocessing = 0;
		};
/* End PBXResourcesBuildPhase section */

/* Begin PBXSourcesBuildPhase section */
		BFB6CFEC2EF0B7A000A59C12 /* Sources */ = {
			isa = PBXSourcesBuildPhase;
			buildActionMask = 2147483647;
			files = (
			);
			runOnlyForDeploymentPostprocessing = 0;
		};
		BFB6CFF92EF0B7A100A59C12 /* Sources */ = {
			isa = PBXSourcesBuildPhase;
			buildActionMask = 2147483647;
			files = (
			);
			runOnlyForDeploymentPostprocessing = 0;
		};
		BFB6D0032EF0B7A100A59C12 /* Sources */ = {
			isa = PBXSourcesBuildPhase;
			buildActionMask = 2147483647;
			files = (
			);
			runOnlyForDeploymentPostprocessing = 0;
		};
		BFW1DG3T2F050000000000A /* Sources */ = {
			isa = PBXSourcesBuildPhase;
			buildActionMask = 2147483647;
			files = (
			);
			runOnlyForDeploymentPostprocessing = 0;
		};
/* End PBXSourcesBuildPhase section */

/* Begin PBXTargetDependency section */
		BFB6CFFF2EF0B7A100A59C12 /* PBXTargetDependency */ = {
			isa = PBXTargetDependency;
			target = BFB6CFEF2EF0B7A000A59C12 /* Bible v1 */;
			targetProxy = BFB6CFFE2EF0B7A100A59C12 /* PBXContainerItemProxy */;
		};
		BFB6D0092EF0B7A100A59C12 /* PBXTargetDependency */ = {
			isa = PBXTargetDependency;
			target = BFB6CFEF2EF0B7A000A59C12 /* Bible v1 */;
			targetProxy = BFB6D0082EF0B7A100A59C12 /* PBXContainerItemProxy */;
		};
		BFW1DG3T2F0500000000008 /* PBXTargetDependency */ = {
			isa = PBXTargetDependency;
			target = BFW1DG3T2F0500000000002 /* Bible v1 Widgets */;
			targetProxy = BFW1DG3T2F0500000000001 /* PBXContainerItemProxy */;
		};
/* End PBXTargetDependency section */

/* Begin XCBuildConfiguration section */
		BFB6D00F2EF0B7A100A59C12 /* Debug */ = {
			isa = XCBuildConfiguration;
			buildSettings = {
				ALWAYS_SEARCH_USER_PATHS = NO;
				ASSETCATALOG_COMPILER_GENERATE_SWIFT_ASSET_SYMBOL_EXTENSIONS = YES;
				CLANG_ANALYZER_NONNULL = YES;
				CLANG_ANALYZER_NUMBER_OBJECT_CONVERSION = YES_AGGRESSIVE;
				CLANG_CXX_LANGUAGE_STANDARD = "gnu++20";
				CLANG_ENABLE_MODULES = YES;
				CLANG_ENABLE_OBJC_ARC = YES;
				CLANG_ENABLE_OBJC_WEAK = YES;
				CLANG_WARN_BLOCK_CAPTURE_AUTORELEASING = YES;
				CLANG_WARN_BOOL_CONVERSION = YES;
				CLANG_WARN_COMMA = YES;
				CLANG_WARN_CONSTANT_CONVERSION = YES;
				CLANG_WARN_DEPRECATED_OBJC_IMPLEMENTATIONS = YES;
				CLANG_WARN_DIRECT_OBJC_ISA_USAGE = YES_ERROR;
				CLANG_WARN_DOCUMENTATION_COMMENTS = YES;
				CLANG_WARN_EMPTY_BODY = YES;
				CLANG_WARN_ENUM_CONVERSION = YES;
				CLANG_WARN_INFINITE_RECURSION = YES;
				CLANG_WARN_INT_CONVERSION = YES;
				CLANG_WARN_NON_LITERAL_NULL_CONVERSION = YES;
				CLANG_WARN_OBJC_IMPLICIT_RETAIN_SELF = YES;
				CLANG_WARN_OBJC_LITERAL_CONVERSION = YES;
				CLANG_WARN_OBJC_ROOT_CLASS = YES_ERROR;
				CLANG_WARN_QUOTED_INCLUDE_IN_FRAMEWORK_HEADER = YES;
				CLANG_WARN_RANGE_LOOP_ANALYSIS = YES;
				CLANG_WARN_STRICT_PROTOTYPES = YES;
				CLANG_WARN_SUSPICIOUS_MOVE = YES;
				CLANG_WARN_UNGUARDED_AVAILABILITY = YES_AGGRESSIVE;
				CLANG_WARN_UNREACHABLE_CODE = YES;
				CLANG_WARN__DUPLICATE_METHOD_MATCH = YES;
				COPY_PHASE_STRIP = NO;
				DEBUG_INFORMATION_FORMAT = dwarf;
				ENABLE_STRICT_OBJC_MSGSEND = YES;
				ENABLE_TESTABILITY = YES;
				ENABLE_USER_SCRIPT_SANDBOXING = YES;
				GCC_C_LANGUAGE_STANDARD = gnu17;
				GCC_DYNAMIC_NO_PIC = NO;
				GCC_NO_COMMON_BLOCKS = YES;
				GCC_OPTIMIZATION_LEVEL = 0;
				GCC_PREPROCESSOR_DEFINITIONS = (
					"DEBUG=1",
					"$(inherited)",
				);
				GCC_WARN_64_TO_32_BIT_CONVERSION = YES;
				GCC_WARN_ABOUT_RETURN_TYPE = YES_ERROR;
				GCC_WARN_UNDECLARED_SELECTOR = YES;
				GCC_WARN_UNINITIALIZED_AUTOS = YES_AGGRESSIVE;
				GCC_WARN_UNUSED_FUNCTION = YES;
				GCC_WARN_UNUSED_VARIABLE = YES;
				IPHONEOS_DEPLOYMENT_TARGET = 17.0;
				LOCALIZATION_PREFERS_STRING_CATALOGS = YES;
				MTL_ENABLE_DEBUG_INFO = INCLUDE_SOURCE;
				MTL_FAST_MATH = YES;
				ONLY_ACTIVE_ARCH = YES;
				SDKROOT = iphoneos;
				SWIFT_ACTIVE_COMPILATION_CONDITIONS = "DEBUG $(inherited)";
				SWIFT_OPTIMIZATION_LEVEL = "-Onone";
			};
			name = Debug;
		};
		BFB6D0102EF0B7A100A59C12 /* Release */ = {
			isa = XCBuildConfiguration;
			buildSettings = {
				ALWAYS_SEARCH_USER_PATHS = NO;
				ASSETCATALOG_COMPILER_GENERATE_SWIFT_ASSET_SYMBOL_EXTENSIONS = YES;
				CLANG_ANALYZER_NONNULL = YES;
				CLANG_ANALYZER_NUMBER_OBJECT_CONVERSION = YES_AGGRESSIVE;
				CLANG_CXX_LANGUAGE_STANDARD = "gnu++20";
				CLANG_ENABLE_MODULES = YES;
				CLANG_ENABLE_OBJC_ARC = YES;
				CLANG_ENABLE_OBJC_WEAK = YES;
				CLANG_WARN_BLOCK_CAPTURE_AUTORELEASING = YES;
				CLANG_WARN_BOOL_CONVERSION = YES;
				CLANG_WARN_COMMA = YES;
				CLANG_WARN_CONSTANT_CONVERSION = YES;
				CLANG_WARN_DEPRECATED_OBJC_IMPLEMENTATIONS = YES;
				CLANG_WARN_DIRECT_OBJC_ISA_USAGE = YES_ERROR;
				CLANG_WARN_DOCUMENTATION_COMMENTS = YES;
				CLANG_WARN_EMPTY_BODY = YES;
				CLANG_WARN_ENUM_CONVERSION = YES;
				CLANG_WARN_INFINITE_RECURSION = YES;
				CLANG_WARN_INT_CONVERSION = YES;
				CLANG_WARN_NON_LITERAL_NULL_CONVERSION = YES;
				CLANG_WARN_OBJC_IMPLICIT_RETAIN_SELF = YES;
				CLANG_WARN_OBJC_LITERAL_CONVERSION = YES;
				CLANG_WARN_OBJC_ROOT_CLASS = YES_ERROR;
				CLANG_WARN_QUOTED_INCLUDE_IN_FRAMEWORK_HEADER = YES;
				CLANG_WARN_RANGE_LOOP_ANALYSIS = YES;
				CLANG_WARN_STRICT_PROTOTYPES = YES;
				CLANG_WARN_SUSPICIOUS_MOVE = YES;
				CLANG_WARN_UNGUARDED_AVAILABILITY = YES_AGGRESSIVE;
				CLANG_WARN_UNREACHABLE_CODE = YES;
				CLANG_WARN__DUPLICATE_METHOD_MATCH = YES;
				COPY_PHASE_STRIP = NO;
				DEBUG_INFORMATION_FORMAT = "dwarf-with-dsym";
				ENABLE_NS_ASSERTIONS = NO;
				ENABLE_STRICT_OBJC_MSGSEND = YES;
				ENABLE_USER_SCRIPT_SANDBOXING = YES;
				GCC_C_LANGUAGE_STANDARD = gnu17;
				GCC_NO_COMMON_BLOCKS = YES;
				GCC_WARN_64_TO_32_BIT_CONVERSION = YES;
				GCC_WARN_ABOUT_RETURN_TYPE = YES_ERROR;
				GCC_WARN_UNDECLARED_SELECTOR = YES;
				GCC_WARN_UNINITIALIZED_AUTOS = YES_AGGRESSIVE;
				GCC_WARN_UNUSED_FUNCTION = YES;
				GCC_WARN_UNUSED_VARIABLE = YES;
				IPHONEOS_DEPLOYMENT_TARGET = 17.0;
				LOCALIZATION_PREFERS_STRING_CATALOGS = YES;
				MTL_ENABLE_DEBUG_INFO = NO;
				MTL_FAST_MATH = YES;
				SDKROOT = iphoneos;
				SWIFT_COMPILATION_MODE = wholemodule;
				VALIDATE_PRODUCT = YES;
			};
			name = Release;
		};
		BFB6D0122EF0B7A100A59C12 /* Debug */ = {
			isa = XCBuildConfiguration;
			buildSettings = {
				ASSETCATALOG_COMPILER_APPICON_NAME = AppIcon;
				ASSETCATALOG_COMPILER_GLOBAL_ACCENT_COLOR_NAME = AccentColor;
				CODE_SIGN_ENTITLEMENTS = "Bible v1/Bible v1.entitlements";
				CODE_SIGN_STYLE = Automatic;
				CURRENT_PROJECT_VERSION = 1;
				DEVELOPMENT_TEAM = 527H26NY5X;
				ENABLE_PREVIEWS = YES;
				GENERATE_INFOPLIST_FILE = YES;
				INFOPLIST_FILE = Info.plist;
				INFOPLIST_KEY_CFBundleDisplayName = "TRC - Bible";
				INFOPLIST_KEY_NSFaceIDUsageDescription = "Protect your spiritual journal and personal prayers with Face ID";
				INFOPLIST_KEY_UIApplicationSceneManifest_Generation = YES;
				INFOPLIST_KEY_UIApplicationSupportsIndirectInputEvents = YES;
				INFOPLIST_KEY_UIBackgroundModes = audio;
				INFOPLIST_KEY_UILaunchScreen_Generation = YES;
				INFOPLIST_KEY_UISupportedInterfaceOrientations_iPad = "UIInterfaceOrientationPortrait UIInterfaceOrientationPortraitUpsideDown UIInterfaceOrientationLandscapeLeft UIInterfaceOrientationLandscapeRight";
				INFOPLIST_KEY_UISupportedInterfaceOrientations_iPhone = "UIInterfaceOrientationPortrait UIInterfaceOrientationLandscapeLeft UIInterfaceOrientationLandscapeRight";
				LD_RUNPATH_SEARCH_PATHS = (
					"$(inherited)",
					"@executable_path/Frameworks",
				);
				MARKETING_VERSION = 1.0;
				PRODUCT_BUNDLE_IDENTIFIER = "vaynerov.Bible-v1";
				PRODUCT_NAME = "$(TARGET_NAME)";
				STRING_CATALOG_GENERATE_SYMBOLS = YES;
				SWIFT_APPROACHABLE_CONCURRENCY = YES;
				SWIFT_DEFAULT_ACTOR_ISOLATION = MainActor;
				SWIFT_EMIT_LOC_STRINGS = YES;
				SWIFT_UPCOMING_FEATURE_MEMBER_IMPORT_VISIBILITY = YES;
				SWIFT_VERSION = 5.0;
				TARGETED_DEVICE_FAMILY = "1,2";
			};
			name = Debug;
		};
		BFB6D0132EF0B7A100A59C12 /* Release */ = {
			isa = XCBuildConfiguration;
			buildSettings = {
				ASSETCATALOG_COMPILER_APPICON_NAME = AppIcon;
				ASSETCATALOG_COMPILER_GLOBAL_ACCENT_COLOR_NAME = AccentColor;
				CODE_SIGN_ENTITLEMENTS = "Bible v1/Bible v1.entitlements";
				CODE_SIGN_STYLE = Automatic;
				CURRENT_PROJECT_VERSION = 1;
				DEVELOPMENT_TEAM = 527H26NY5X;
				ENABLE_PREVIEWS = YES;
				GENERATE_INFOPLIST_FILE = YES;
				INFOPLIST_FILE = Info.plist;
				INFOPLIST_KEY_CFBundleDisplayName = "TRC - Bible";
				INFOPLIST_KEY_NSFaceIDUsageDescription = "Protect your spiritual journal and personal prayers with Face ID";
				INFOPLIST_KEY_UIApplicationSceneManifest_Generation = YES;
				INFOPLIST_KEY_UIApplicationSupportsIndirectInputEvents = YES;
				INFOPLIST_KEY_UIBackgroundModes = audio;
				INFOPLIST_KEY_UILaunchScreen_Generation = YES;
				INFOPLIST_KEY_UISupportedInterfaceOrientations_iPad = "UIInterfaceOrientationPortrait UIInterfaceOrientationPortraitUpsideDown UIInterfaceOrientationLandscapeLeft UIInterfaceOrientationLandscapeRight";
				INFOPLIST_KEY_UISupportedInterfaceOrientations_iPhone = "UIInterfaceOrientationPortrait UIInterfaceOrientationLandscapeLeft UIInterfaceOrientationLandscapeRight";
				LD_RUNPATH_SEARCH_PATHS = (
					"$(inherited)",
					"@executable_path/Frameworks",
				);
				MARKETING_VERSION = 1.0;
				PRODUCT_BUNDLE_IDENTIFIER = "vaynerov.Bible-v1";
				PRODUCT_NAME = "$(TARGET_NAME)";
				STRING_CATALOG_GENERATE_SYMBOLS = YES;
				SWIFT_APPROACHABLE_CONCURRENCY = YES;
				SWIFT_DEFAULT_ACTOR_ISOLATION = MainActor;
				SWIFT_EMIT_LOC_STRINGS = YES;
				SWIFT_UPCOMING_FEATURE_MEMBER_IMPORT_VISIBILITY = YES;
				SWIFT_VERSION = 5.0;
				TARGETED_DEVICE_FAMILY = "1,2";
			};
			name = Release;
		};
		BFB6D0152EF0B7A100A59C12 /* Debug */ = {
			isa = XCBuildConfiguration;
			buildSettings = {
				BUNDLE_LOADER = "$(TEST_HOST)";
				CODE_SIGN_STYLE = Automatic;
				CURRENT_PROJECT_VERSION = 1;
				GENERATE_INFOPLIST_FILE = YES;
				IPHONEOS_DEPLOYMENT_TARGET = 17.0;
				MARKETING_VERSION = 1.0;
				PRODUCT_BUNDLE_IDENTIFIER = "vaynerov.Bible-v1Tests";
				PRODUCT_NAME = "$(TARGET_NAME)";
				STRING_CATALOG_GENERATE_SYMBOLS = NO;
				SWIFT_APPROACHABLE_CONCURRENCY = YES;
				SWIFT_EMIT_LOC_STRINGS = NO;
				SWIFT_UPCOMING_FEATURE_MEMBER_IMPORT_VISIBILITY = YES;
				SWIFT_VERSION = 5.0;
				TARGETED_DEVICE_FAMILY = "1,2";
				TEST_HOST = "$(BUILT_PRODUCTS_DIR)/Bible v1.app/$(BUNDLE_EXECUTABLE_FOLDER_PATH)/Bible v1";
			};
			name = Debug;
		};
		BFB6D0162EF0B7A100A59C12 /* Release */ = {
			isa = XCBuildConfiguration;
			buildSettings = {
				BUNDLE_LOADER = "$(TEST_HOST)";
				CODE_SIGN_STYLE = Automatic;
				CURRENT_PROJECT_VERSION = 1;
				GENERATE_INFOPLIST_FILE = YES;
				IPHONEOS_DEPLOYMENT_TARGET = 17.0;
				MARKETING_VERSION = 1.0;
				PRODUCT_BUNDLE_IDENTIFIER = "vaynerov.Bible-v1Tests";
				PRODUCT_NAME = "$(TARGET_NAME)";
				STRING_CATALOG_GENERATE_SYMBOLS = NO;
				SWIFT_APPROACHABLE_CONCURRENCY = YES;
				SWIFT_EMIT_LOC_STRINGS = NO;
				SWIFT_UPCOMING_FEATURE_MEMBER_IMPORT_VISIBILITY = YES;
				SWIFT_VERSION = 5.0;
				TARGETED_DEVICE_FAMILY = "1,2";
				TEST_HOST = "$(BUILT_PRODUCTS_DIR)/Bible v1.app/$(BUNDLE_EXECUTABLE_FOLDER_PATH)/Bible v1";
			};
			name = Release;
		};
		BFB6D0182EF0B7A100A59C12 /* Debug */ = {
			isa = XCBuildConfiguration;
			buildSettings = {
				CODE_SIGN_STYLE = Automatic;
				CURRENT_PROJECT_VERSION = 1;
				GENERATE_INFOPLIST_FILE = YES;
				MARKETING_VERSION = 1.0;
				PRODUCT_BUNDLE_IDENTIFIER = "vaynerov.Bible-v1UITests";
				PRODUCT_NAME = "$(TARGET_NAME)";
				STRING_CATALOG_GENERATE_SYMBOLS = NO;
				SWIFT_APPROACHABLE_CONCURRENCY = YES;
				SWIFT_EMIT_LOC_STRINGS = NO;
				SWIFT_UPCOMING_FEATURE_MEMBER_IMPORT_VISIBILITY = YES;
				SWIFT_VERSION = 5.0;
				TARGETED_DEVICE_FAMILY = "1,2";
				TEST_TARGET_NAME = "Bible v1";
			};
			name = Debug;
		};
		BFB6D0192EF0B7A100A59C12 /* Release */ = {
			isa = XCBuildConfiguration;
			buildSettings = {
				CODE_SIGN_STYLE = Automatic;
				CURRENT_PROJECT_VERSION = 1;
				GENERATE_INFOPLIST_FILE = YES;
				MARKETING_VERSION = 1.0;
				PRODUCT_BUNDLE_IDENTIFIER = "vaynerov.Bible-v1UITests";
				PRODUCT_NAME = "$(TARGET_NAME)";
				STRING_CATALOG_GENERATE_SYMBOLS = NO;
				SWIFT_APPROACHABLE_CONCURRENCY = YES;
				SWIFT_EMIT_LOC_STRINGS = NO;
				SWIFT_UPCOMING_FEATURE_MEMBER_IMPORT_VISIBILITY = YES;
				SWIFT_VERSION = 5.0;
				TARGETED_DEVICE_FAMILY = "1,2";
				TEST_TARGET_NAME = "Bible v1";
			};
			name = Release;
		};
		BFW1DG3T2F050000000000C /* Debug */ = {
			isa = XCBuildConfiguration;
			buildSettings = {
				ASSETCATALOG_COMPILER_GLOBAL_ACCENT_COLOR_NAME = AccentColor;
				ASSETCATALOG_COMPILER_WIDGET_BACKGROUND_COLOR_NAME = WidgetBackground;
				CODE_SIGN_ENTITLEMENTS = "Bible v1 Widgets/Bible v1 Widgets.entitlements";
				CODE_SIGN_STYLE = Automatic;
				CURRENT_PROJECT_VERSION = 1;
				DEVELOPMENT_TEAM = 527H26NY5X;
				GENERATE_INFOPLIST_FILE = NO;
				INFOPLIST_FILE = WidgetInfo.plist;
				LD_RUNPATH_SEARCH_PATHS = (
					"$(inherited)",
					"@executable_path/Frameworks",
					"@executable_path/../../Frameworks",
				);
				MARKETING_VERSION = 1.0;
				PRODUCT_BUNDLE_IDENTIFIER = "vaynerov.Bible-v1.Widgets";
				PRODUCT_NAME = "$(TARGET_NAME)";
				SKIP_INSTALL = YES;
				SWIFT_APPROACHABLE_CONCURRENCY = YES;
				SWIFT_EMIT_LOC_STRINGS = YES;
				SWIFT_VERSION = 5.0;
				TARGETED_DEVICE_FAMILY = "1,2";
			};
			name = Debug;
		};
		BFW1DG3T2F050000000000D /* Release */ = {
			isa = XCBuildConfiguration;
			buildSettings = {
				ASSETCATALOG_COMPILER_GLOBAL_ACCENT_COLOR_NAME = AccentColor;
				ASSETCATALOG_COMPILER_WIDGET_BACKGROUND_COLOR_NAME = WidgetBackground;
				CODE_SIGN_ENTITLEMENTS = "Bible v1 Widgets/Bible v1 Widgets.entitlements";
				CODE_SIGN_STYLE = Automatic;
				CURRENT_PROJECT_VERSION = 1;
				DEVELOPMENT_TEAM = 527H26NY5X;
				GENERATE_INFOPLIST_FILE = NO;
				INFOPLIST_FILE = WidgetInfo.plist;
				LD_RUNPATH_SEARCH_PATHS = (
					"$(inherited)",
					"@executable_path/Frameworks",
					"@executable_path/../../Frameworks",
				);
				MARKETING_VERSION = 1.0;
				PRODUCT_BUNDLE_IDENTIFIER = "vaynerov.Bible-v1.Widgets";
				PRODUCT_NAME = "$(TARGET_NAME)";
				SKIP_INSTALL = YES;
				SWIFT_APPROACHABLE_CONCURRENCY = YES;
				SWIFT_EMIT_LOC_STRINGS = YES;
				SWIFT_VERSION = 5.0;
				TARGETED_DEVICE_FAMILY = "1,2";
			};
			name = Release;
		};
/* End XCBuildConfiguration section */

/* Begin XCConfigurationList section */
		BFB6CFEB2EF0B7A000A59C12 /* Build configuration list for PBXProject "Bible v1" */ = {
			isa = XCConfigurationList;
			buildConfigurations = (
				BFB6D00F2EF0B7A100A59C12 /* Debug */,
				BFB6D0102EF0B7A100A59C12 /* Release */,
			);
			defaultConfigurationIsVisible = 0;
			defaultConfigurationName = Release;
		};
		BFB6D0112EF0B7A100A59C12 /* Build configuration list for PBXNativeTarget "Bible v1" */ = {
			isa = XCConfigurationList;
			buildConfigurations = (
				BFB6D0122EF0B7A100A59C12 /* Debug */,
				BFB6D0132EF0B7A100A59C12 /* Release */,
			);
			defaultConfigurationIsVisible = 0;
			defaultConfigurationName = Release;
		};
		BFB6D0142EF0B7A100A59C12 /* Build configuration list for PBXNativeTarget "Bible v1Tests" */ = {
			isa = XCConfigurationList;
			buildConfigurations = (
				BFB6D0152EF0B7A100A59C12 /* Debug */,
				BFB6D0162EF0B7A100A59C12 /* Release */,
			);
			defaultConfigurationIsVisible = 0;
			defaultConfigurationName = Release;
		};
		BFB6D0172EF0B7A100A59C12 /* Build configuration list for PBXNativeTarget "Bible v1UITests" */ = {
			isa = XCConfigurationList;
			buildConfigurations = (
				BFB6D0182EF0B7A100A59C12 /* Debug */,
				BFB6D0192EF0B7A100A59C12 /* Release */,
			);
			defaultConfigurationIsVisible = 0;
			defaultConfigurationName = Release;
		};
		BFW1DG3T2F0500000000009 /* Build configuration list for PBXNativeTarget "Bible v1 Widgets" */ = {
			isa = XCConfigurationList;
			buildConfigurations = (
				BFW1DG3T2F050000000000C /* Debug */,
				BFW1DG3T2F050000000000D /* Release */,
			);
			defaultConfigurationIsVisible = 0;
			defaultConfigurationName = Release;
		};
/* End XCConfigurationList section */

/* Begin XCRemoteSwiftPackageReference section */
		BF79F87E2F0400000000001 /* XCRemoteSwiftPackageReference "supabase-swift" */ = {
			isa = XCRemoteSwiftPackageReference;
			repositoryURL = "https://github.com/supabase/supabase-swift";
			requirement = {
				kind = upToNextMajorVersion;
				minimumVersion = 2.0.0;
			};
		};
/* End XCRemoteSwiftPackageReference section */

/* Begin XCSwiftPackageProductDependency section */
		BF79F87F2F0400000000001 /* Supabase */ = {
			isa = XCSwiftPackageProductDependency;
			package = BF79F87E2F0400000000001 /* XCRemoteSwiftPackageReference "supabase-swift" */;
			productName = Supabase;
		};
/* End XCSwiftPackageProductDependency section */
	};
	rootObject = BFB6CFE82EF0B7A000A59C12 /* Project object */;
}
